
Microsoft Visual Studio Solution File, Format Version 12.00
# Visual Studio Version 17
VisualStudioVersion = 17.6.33829.357
MinimumVisualStudioVersion = 10.0.40219.1
Project("{FAE04EC0-301F-11D3-BF4B-00C04F79EFBC}") = "RealWordUnitTest.Web", "RealWordUnitTest.Web\RealWordUnitTest.Web.csproj", "{E35A2810-E643-4E9F-B88A-B205197C2194}"
EndProject
Project("{FAE04EC0-301F-11D3-BF4B-00C04F79EFBC}") = "RealWordUnitTest.Test", "RealWordUnitTest.Test\RealWordUnitTest.Test.csproj", "{80390C4D-80E3-4AF8-9460-253694F15A5B}"
EndProject
Global
	GlobalSection(SolutionConfigurationPlatforms) = preSolution
		Debug|Any CPU = Debug|Any CPU
		Release|Any CPU = Release|Any CPU
	EndGlobalSection
	GlobalSection(ProjectConfigurationPlatforms) = postSolution
		{E35A2810-E643-4E9F-B88A-B205197C2194}.Debug|Any CPU.ActiveCfg = Debug|Any CPU
		{E35A2810-E643-4E9F-B88A-B205197C2194}.Debug|Any CPU.Build.0 = Debug|Any CPU
		{E35A2810-E643-4E9F-B88A-B205197C2194}.Release|Any CPU.ActiveCfg = Release|Any CPU
		{E35A2810-E643-4E9F-B88A-B205197C2194}.Release|Any CPU.Build.0 = Release|Any CPU
		{80390C4D-80E3-4AF8-9460-253694F15A5B}.Debug|Any CPU.ActiveCfg = Debug|Any CPU
		{80390C4D-80E3-4AF8-9460-253694F15A5B}.Debug|Any CPU.Build.0 = Debug|Any CPU
		{80390C4D-80E3-4AF8-9460-253694F15A5B}.Release|Any CPU.ActiveCfg = Release|Any CPU
		{80390C4D-80E3-4AF8-9460-253694F15A5B}.Release|Any CPU.Build.0 = Release|Any CPU
	EndGlobalSection
	GlobalSection(SolutionProperties) = preSolution
		HideSolutionNode = FALSE
	EndGlobalSection
	GlobalSection(ExtensibilityGlobals) = postSolution
		SolutionGuid = {C29FA96A-01F4-4552-9643-6DE34D6716DA}
	EndGlobalSection
EndGlobal
